<?xml version="1.0" encoding="utf-8"?>
<Project xmlns="http://schemas.microsoft.com/developer/msbuild/2003">
  <ItemGroup>
    <Filter Include="Generated Files">
      <UniqueIdentifier>{71ED8ED8-ACB9-4CE9-BBE1-E00B30144E11}</UniqueIdentifier>
      <Extensions>cpp;c;cxx;moc;h;def;odl;idl;res;</Extensions>
    </Filter>
    <Filter Include="Generated Files">
      <UniqueIdentifier>{71ED8ED8-ACB9-4CE9-BBE1-E00B30144E11}</UniqueIdentifier>
      <Extensions>cpp;c;cxx;moc;h;def;odl;idl;res;</Extensions>
    </Filter>
    <Filter Include="Header Files">
      <UniqueIdentifier>{93995380-89BD-4b04-88EB-625FBE52EBFB}</UniqueIdentifier>
      <Extensions>h;hpp;hxx;hm;inl;inc;xsd</Extensions>
    </Filter>
    <Filter Include="Header Files">
      <UniqueIdentifier>{93995380-89BD-4b04-88EB-625FBE52EBFB}</UniqueIdentifier>
      <Extensions>h;hpp;hxx;hm;inl;inc;xsd</Extensions>
    </Filter>
    <Filter Include="Source Files">
      <UniqueIdentifier>{4FC737F1-C7A5-4376-A066-2A32D752A2FF}</UniqueIdentifier>
      <Extensions>cpp;c;cxx;def;odl;idl;hpj;bat;asm;asmx</Extensions>
    </Filter>
    <Filter Include="Source Files">
      <UniqueIdentifier>{4FC737F1-C7A5-4376-A066-2A32D752A2FF}</UniqueIdentifier>
      <Extensions>cpp;c;cxx;def;odl;idl;hpj;bat;asm;asmx</Extensions>
    </Filter>
  </ItemGroup>
  <ItemGroup>
    <ClCompile Include="main.cpp">
      <Filter>Source Files</Filter>
    </ClCompile>
    <ClCompile Include="widget.cpp">
      <Filter>Source Files</Filter>
    </ClCompile>
    <ClCompile Include="qhalconwindow.cpp">
      <Filter>Source Files</Filter>
    </ClCompile>
    <ClCompile Include="CameraBase.cpp">
      <Filter>Source Files</Filter>
    </ClCompile>
    <ClCompile Include="DaHuaCam.cpp">
      <Filter>Source Files</Filter>
    </ClCompile>
    <ClCompile Include="manager.cpp">
      <Filter>Source Files</Filter>
    </ClCompile>
    <ClCompile Include="ImgProcessor.cpp">
      <Filter>Source Files</Filter>
    </ClCompile>
    <ClCompile Include="tshmcommu.cpp">
      <Filter>Source Files</Filter>
    </ClCompile>
    <ClCompile Include="FileCam.cpp">
      <Filter>Source Files</Filter>
    </ClCompile>
    <ClCompile Include="QtUtils.cpp">
      <Filter>Source Files</Filter>
    </ClCompile>
    <ClCompile Include="CwxThreadWithQueueBuf.cpp">
      <Filter>Source Files</Filter>
    </ClCompile>
    <ClCompile Include="GlobalConfig.cpp">
      <Filter>Source Files</Filter>
    </ClCompile>
    <ClCompile Include="BufSession.cpp">
      <Filter>Source Files</Filter>
    </ClCompile>
    <ClCompile Include="proto\protocal.pb.cc" />
    <ClCompile Include="DisWindow.cpp">
      <Filter>Source Files</Filter>
    </ClCompile>
  </ItemGroup>
  <ItemGroup>
    <QtMoc Include="widget.h">
      <Filter>Header Files</Filter>
    </QtMoc>
    <QtMoc Include="qhalconwindow.h">
      <Filter>Header Files</Filter>
    </QtMoc>
    <QtMoc Include="ImgProcessor.h">
      <Filter>Header Files</Filter>
    </QtMoc>
    <QtMoc Include="DisWindow.h">
      <Filter>Header Files</Filter>
    </QtMoc>
  </ItemGroup>
  <ItemGroup>
    <CustomBuild Include="debug\moc_predefs.h.cbt">
      <Filter>Generated Files</Filter>
    </CustomBuild>
    <CustomBuild Include="release\moc_predefs.h.cbt">
      <Filter>Generated Files</Filter>
    </CustomBuild>
  </ItemGroup>
  <ItemGroup>
    <ClInclude Include="DaHuaCam.h">
      <Filter>Header Files</Filter>
    </ClInclude>
    <ClInclude Include="CameraBase.h">
      <Filter>Header Files</Filter>
    </ClInclude>
    <ClInclude Include="manager.h">
      <Filter>Header Files</Filter>
    </ClInclude>
    <ClInclude Include="task_thread.h">
      <Filter>Header Files</Filter>
    </ClInclude>
    <ClInclude Include="FileCam.h">
      <Filter>Header Files</Filter>
    </ClInclude>
    <ClInclude Include="QtUtils.h">
      <Filter>Header Files</Filter>
    </ClInclude>
    <ClInclude Include="CwxThreadWithQueueBuf.h">
      <Filter>Header Files</Filter>
    </ClInclude>
    <ClInclude Include="GlobalConfig.h">
      <Filter>Header Files</Filter>
    </ClInclude>
    <ClInclude Include="BufSession.h">
      <Filter>Header Files</Filter>
    </ClInclude>
    <ClInclude Include="proto\protocal.pb.h">
      <Filter>Generated Files</Filter>
    </ClInclude>
    <ClInclude Include="GlobalDef.h">
      <Filter>Header Files</Filter>
    </ClInclude>
  </ItemGroup>
</Project>